<?xml version="1.0" encoding="utf-8"?>
<Project ToolsVersion="17.0" xmlns="http://schemas.microsoft.com/developer/msbuild/2003">
  <ItemGroup>
    <ClCompile Include="C:\Users\User.000\Downloads\Fast-DDS\examples\cpp\my_fastdds_test\subscriber.cpp">
      <Filter>Source Files</Filter>
    </ClCompile>
    <ClCompile Include="C:\Users\User.000\Downloads\Fast-DDS\examples\cpp\my_fastdds_test\TestTypePubSubTypes.cxx">
      <Filter>Source Files</Filter>
    </ClCompile>
    <ClCompile Include="C:\Users\User.000\Downloads\Fast-DDS\examples\cpp\my_fastdds_test\TestTypeTypeObjectSupport.cxx">
      <Filter>Source Files</Filter>
    </ClCompile>
  </ItemGroup>
  <ItemGroup>
    <CustomBuild Include="C:\Users\User.000\Downloads\Fast-DDS\examples\cpp\my_fastdds_test\CMakeLists.txt" />
  </ItemGroup>
  <ItemGroup>
    <Filter Include="Source Files">
      <UniqueIdentifier>{A60E179A-6B9B-3DA1-B494-D89F675D446F}</UniqueIdentifier>
    </Filter>
  </ItemGroup>
</Project>
