<?xml version="1.0" encoding="utf-8"?>
<Project ToolsVersion="17.0" xmlns="http://schemas.microsoft.com/developer/msbuild/2003">
  <ItemGroup>
    <CustomBuild Include="C:\Users\User.000\Downloads\Fast-DDS\build_xml\CMakeFiles\e5f77078d574afbc40e5250d04eef2d1\INSTALL_force.rule">
      <Filter>CMake Rules</Filter>
    </CustomBuild>
  </ItemGroup>
  <ItemGroup>
    <Filter Include="CMake Rules">
      <UniqueIdentifier>{795F84FF-AA6B-36BE-B4BC-C1160959DDE2}</UniqueIdentifier>
    </Filter>
  </ItemGroup>
</Project>
